{
  "version": 4,
  "terraform_version": "1.15.6",
  "serial": 25,
  "lineage": "3e650817-751f-7a72-64c9-f704bbbad2f9",
  "outputs": {
    "app_prefix": {
      "value": "rotor-jsb-unique",
      "type": "string"
    },
    "sse_url": {
      "value": "https://rotor-jsb-unique-sse.fly.dev",
      "type": "string"
    },
    "ui_url": {
      "value": "https://rotor-jsb-unique-ui.pages.dev",
      "type": "string"
    }
  },
  "resources": [
    {
      "mode": "managed",
      "type": "cloudflare_pages_project",
      "name": "ui",
      "provider": "provider[\"registry.terraform.io/cloudflare/cloudflare\"]",
      "instances": [
        {
          "schema_version": 0,
          "attributes": {
            "account_id": "a966f66ce611cbe0fc27316ad6d25def",
            "build_config": [
              {
                "build_caching": false,
                "build_command": "cd ui \u0026\u0026 npm install \u0026\u0026 npm run build",
                "destination_dir": "ui/dist",
                "root_dir": "",
                "web_analytics_tag": "",
                "web_analytics_token": ""
              }
            ],
            "created_on": "2026-06-15T22:54:51Z",
            "deployment_configs": [
              {
                "preview": [
                  {
                    "always_use_latest_compatibility_date": false,
                    "compatibility_date": "2026-06-15",
                    "compatibility_flags": [],
                    "d1_databases": {},
                    "durable_object_namespaces": {},
                    "environment_variables": {},
                    "fail_open": false,
                    "kv_namespaces": {},
                    "placement": [],
                    "r2_buckets": {},
                    "secrets": {},
                    "service_binding": [],
                    "usage_model": "standard"
                  }
                ],
                "production": [
                  {
                    "always_use_latest_compatibility_date": false,
                    "compatibility_date": "2026-06-15",
                    "compatibility_flags": [],
                    "d1_databases": {},
                    "durable_object_namespaces": {},
                    "environment_variables": {
                      "VITE_SSE_URL": "https://rotor-jsb-unique-sse.fly.dev/events"
                    },
                    "fail_open": false,
                    "kv_namespaces": {},
                    "placement": [
                      {
                        "mode": ""
                      }
                    ],
                    "r2_buckets": {},
                    "secrets": {},
                    "service_binding": [],
                    "usage_model": "bundled"
                  }
                ]
              }
            ],
            "domains": [
              "rotor-jsb-unique-ui.pages.dev"
            ],
            "id": "rotor-jsb-unique-ui",
            "name": "rotor-jsb-unique-ui",
            "production_branch": "main",
            "source": [],
            "subdomain": "rotor-jsb-unique-ui.pages.dev"
          },
          "sensitive_attributes": [
            [
              {
                "type": "get_attr",
                "value": "deployment_configs"
              },
              {
                "type": "index",
                "value": {
                  "value": 0,
                  "type": "number"
                }
              },
              {
                "type": "get_attr",
                "value": "preview"
              },
              {
                "type": "index",
                "value": {
                  "value": 0,
                  "type": "number"
                }
              },
              {
                "type": "get_attr",
                "value": "secrets"
              }
            ],
            [
              {
                "type": "get_attr",
                "value": "deployment_configs"
              },
              {
                "type": "index",
                "value": {
                  "value": 0,
                  "type": "number"
                }
              },
              {
                "type": "get_attr",
                "value": "production"
              },
              {
                "type": "index",
                "value": {
                  "value": 0,
                  "type": "number"
                }
              },
              {
                "type": "get_attr",
                "value": "secrets"
              }
            ]
          ],
          "identity_schema_version": 0,
          "private": "bnVsbA==",
          "dependencies": [
            "fly_app.sse"
          ]
        }
      ]
    },
    {
      "mode": "managed",
      "type": "fly_app",
      "name": "gateway",
      "provider": "provider[\"registry.terraform.io/fly-apps/fly\"]",
      "instances": [
        {
          "schema_version": 0,
          "attributes": {
            "appurl": "",
            "id": "rotor-jsb-unique-gateway",
            "name": "rotor-jsb-unique-gateway",
            "org": "personal",
            "orgid": "owoJKeLG76okVtORMv4p5QxZbpC6ewvP4"
          },
          "sensitive_attributes": [],
          "identity_schema_version": 0
        }
      ]
    },
    {
      "mode": "managed",
      "type": "fly_app",
      "name": "iggy",
      "provider": "provider[\"registry.terraform.io/fly-apps/fly\"]",
      "instances": [
        {
          "schema_version": 0,
          "attributes": {
            "appurl": "",
            "id": "rotor-jsb-unique-iggy",
            "name": "rotor-jsb-unique-iggy",
            "org": "personal",
            "orgid": "owoJKeLG76okVtORMv4p5QxZbpC6ewvP4"
          },
          "sensitive_attributes": [],
          "identity_schema_version": 0
        }
      ]
    },
    {
      "mode": "managed",
      "type": "fly_app",
      "name": "sensor",
      "provider": "provider[\"registry.terraform.io/fly-apps/fly\"]",
      "instances": [
        {
          "schema_version": 0,
          "attributes": {
            "appurl": "",
            "id": "rotor-jsb-unique-sensor",
            "name": "rotor-jsb-unique-sensor",
            "org": "personal",
            "orgid": "owoJKeLG76okVtORMv4p5QxZbpC6ewvP4"
          },
          "sensitive_attributes": [],
          "identity_schema_version": 0
        }
      ]
    },
    {
      "mode": "managed",
      "type": "fly_app",
      "name": "sse",
      "provider": "provider[\"registry.terraform.io/fly-apps/fly\"]",
      "instances": [
        {
          "schema_version": 0,
          "attributes": {
            "appurl": "https://2a09:8280:1::12b:44af:0",
            "id": "rotor-jsb-unique-sse",
            "name": "rotor-jsb-unique-sse",
            "org": "personal",
            "orgid": "owoJKeLG76okVtORMv4p5QxZbpC6ewvP4"
          },
          "sensitive_attributes": [],
          "identity_schema_version": 0
        }
      ]
    },
    {
      "mode": "managed",
      "type": "fly_ip",
      "name": "sse_v4",
      "provider": "provider[\"registry.terraform.io/fly-apps/fly\"]",
      "instances": [
        {
          "schema_version": 0,
          "attributes": {
            "address": "37.16.30.33",
            "app": "rotor-jsb-unique-sse",
            "id": "ip_ly4m2nel86e2k3oe",
            "region": "global",
            "type": "v4"
          },
          "sensitive_attributes": [],
          "identity_schema_version": 0,
          "dependencies": [
            "fly_app.sse"
          ]
        }
      ]
    },
    {
      "mode": "managed",
      "type": "fly_ip",
      "name": "sse_v6",
      "provider": "provider[\"registry.terraform.io/fly-apps/fly\"]",
      "instances": [
        {
          "schema_version": 0,
          "attributes": {
            "address": "2a09:8280:1::12b:44af:0",
            "app": "rotor-jsb-unique-sse",
            "id": "ip_m4ro1we86x71deq7",
            "region": "global",
            "type": "v6"
          },
          "sensitive_attributes": [],
          "identity_schema_version": 0,
          "dependencies": [
            "fly_app.sse"
          ]
        }
      ]
    }
  ],
  "check_results": null
}
